# This file is automatically @generated by Cargo.
# It is not intended for manual editing.
version = 4

[[package]]
name = "nucc-message-info"
version = "0.1.0"
dependencies = [
 "version",
]

[[package]]
name = "nucc-player-color-param"
version = "0.1.0"
dependencies = [
 "version",
]

[[package]]
name = "version"
version = "1.0.0"
